// !$*UTF8*$!
{
	archiveVersion = 1;
	classes = {
	};
	objectVersion = 56;
	objects = {

/* Begin PBXBuildFile section */
		F100720E2B6EE00D00F0C4DC /* Rooms.swift in Sources */ = {isa = PBXBuildFile; fileRef = F100720D2B6EE00D00F0C4DC /* Rooms.swift */; };
		F10072102B6EED8B00F0C4DC /* CustomTableViewCell.swift in Sources */ = {isa = PBXBuildFile; fileRef = F100720F2B6EED8B00F0C4DC /* CustomTableViewCell.swift */; };
		F1183D272B4B79C100A4FF62 /* ScheduleViewController.swift in Sources */ = {isa = PBXBuildFile; fileRef = F1183D262B4B79C100A4FF62 /* ScheduleViewController.swift */; };
		F1183D292B4B863E00A4FF62 /* UpcomingEventsViewController.swift in Sources */ = {isa = PBXBuildFile; fileRef = F1183D282B4B863E00A4FF62 /* UpcomingEventsViewController.swift */; };
		F1183D2B2B4B89BE00A4FF62 /* AllSchedulesViewController.swift in Sources */ = {isa = PBXBuildFile; fileRef = F1183D2A2B4B89BE00A4FF62 /* AllSchedulesViewController.swift */; };
		F15E06BB2B83FC17008FDED8 /* SettingsTableTableViewController.swift in Sources */ = {isa = PBXBuildFile; fileRef = F15E06BA2B83FC17008FDED8 /* SettingsTableTableViewController.swift */; };
		F1CF0AE02AF07B560062FF71 /* AppDelegate.swift in Sources */ = {isa = PBXBuildFile; fileRef = F1CF0ADF2AF07B560062FF71 /* AppDelegate.swift */; };
		F1CF0AE22AF07B560062FF71 /* SceneDelegate.swift in Sources */ = {isa = PBXBuildFile; fileRef = F1CF0AE12AF07B560062FF71 /* SceneDelegate.swift */; };
		F1CF0AE42AF07B560062FF71 /* ViewController.swift in Sources */ = {isa = PBXBuildFile; fileRef = F1CF0AE32AF07B560062FF71 /* ViewController.swift */; };
		F1CF0AE72AF07B560062FF71 /* Main.storyboard in Resources */ = {isa = PBXBuildFile; fileRef = F1CF0AE52AF07B560062FF71 /* Main.storyboard */; };
		F1CF0AE92AF07B570062FF71 /* Assets.xcassets in Resources */ = {isa = PBXBuildFile; fileRef = F1CF0AE82AF07B570062FF71 /* Assets.xcassets */; };
		F1CF0AEC2AF07B570062FF71 /* LaunchScreen.storyboard in Resources */ = {isa = PBXBuildFile; fileRef = F1CF0AEA2AF07B570062FF71 /* LaunchScreen.storyboard */; };
		F1CF0AF72AF07B570062FF71 /* WJScheduleAppTests.swift in Sources */ = {isa = PBXBuildFile; fileRef = F1CF0AF62AF07B570062FF71 /* WJScheduleAppTests.swift */; };
		F1CF0B012AF07B570062FF71 /* WJScheduleAppUITests.swift in Sources */ = {isa = PBXBuildFile; fileRef = F1CF0B002AF07B570062FF71 /* WJScheduleAppUITests.swift */; };
		F1CF0B032AF07B570062FF71 /* WJScheduleAppUITestsLaunchTests.swift in Sources */ = {isa = PBXBuildFile; fileRef = F1CF0B022AF07B570062FF71 /* WJScheduleAppUITestsLaunchTests.swift */; };
/* End PBXBuildFile section */

/* Begin PBXContainerItemProxy section */
		F1CF0AF32AF07B570062FF71 /* PBXContainerItemProxy */ = {
			isa = PBXContainerItemProxy;
			containerPortal = F1CF0AD42AF07B560062FF71 /* Project object */;
			proxyType = 1;
			remoteGlobalIDString = F1CF0ADB2AF07B560062FF71;
			remoteInfo = WJScheduleApp;
		};
		F1CF0AFD2AF07B570062FF71 /* PBXContainerItemProxy */ = {
			isa = PBXContainerItemProxy;
			containerPortal = F1CF0AD42AF07B560062FF71 /* Project object */;
			proxyType = 1;
			remoteGlobalIDString = F1CF0ADB2AF07B560062FF71;
			remoteInfo = WJScheduleApp;
		};
/* End PBXContainerItemProxy section */

/* Begin PBXFileReference section */
		F100720D2B6EE00D00F0C4DC /* Rooms.swift */ = {isa = PBXFileReference; lastKnownFileType = sourcecode.swift; path = Rooms.swift; sourceTree = "<group>"; };
		F100720F2B6EED8B00F0C4DC /* CustomTableViewCell.swift */ = {isa = PBXFileReference; lastKnownFileType = sourcecode.swift; path = CustomTableViewCell.swift; sourceTree = "<group>"; };
		F1183D262B4B79C100A4FF62 /* ScheduleViewController.swift */ = {isa = PBXFileReference; lastKnownFileType = sourcecode.swift; path = ScheduleViewController.swift; sourceTree = "<group>"; };
		F1183D282B4B863E00A4FF62 /* UpcomingEventsViewController.swift */ = {isa = PBXFileReference; lastKnownFileType = sourcecode.swift; path = UpcomingEventsViewController.swift; sourceTree = "<group>"; };
		F1183D2A2B4B89BE00A4FF62 /* AllSchedulesViewController.swift */ = {isa = PBXFileReference; lastKnownFileType = sourcecode.swift; path = AllSchedulesViewController.swift; sourceTree = "<group>"; };
		F15E06BA2B83FC17008FDED8 /* SettingsTableTableViewController.swift */ = {isa = PBXFileReference; lastKnownFileType = sourcecode.swift; path = SettingsTableTableViewController.swift; sourceTree = "<group>"; };
		F1CF0ADC2AF07B560062FF71 /* WJScheduleApp.app */ = {isa = PBXFileReference; explicitFileType = wrapper.application; includeInIndex = 0; path = WJScheduleApp.app; sourceTree = BUILT_PRODUCTS_DIR; };
		F1CF0ADF2AF07B560062FF71 /* AppDelegate.swift */ = {isa = PBXFileReference; lastKnownFileType = sourcecode.swift; path = AppDelegate.swift; sourceTree = "<group>"; };
		F1CF0AE12AF07B560062FF71 /* SceneDelegate.swift */ = {isa = PBXFileReference; lastKnownFileType = sourcecode.swift; path = SceneDelegate.swift; sourceTree = "<group>"; };
		F1CF0AE32AF07B560062FF71 /* ViewController.swift */ = {isa = PBXFileReference; lastKnownFileType = sourcecode.swift; path = ViewController.swift; sourceTree = "<group>"; };
		F1CF0AE62AF07B560062FF71 /* Base */ = {isa = PBXFileReference; lastKnownFileType = file.storyboard; name = Base; path = Base.lproj/Main.storyboard; sourceTree = "<group>"; };
		F1CF0AE82AF07B570062FF71 /* Assets.xcassets */ = {isa = PBXFileReference; lastKnownFileType = folder.assetcatalog; path = Assets.xcassets; sourceTree = "<group>"; };
		F1CF0AEB2AF07B570062FF71 /* Base */ = {isa = PBXFileReference; lastKnownFileType = file.storyboard; name = Base; path = Base.lproj/LaunchScreen.storyboard; sourceTree = "<group>"; };
		F1CF0AED2AF07B570062FF71 /* Info.plist */ = {isa = PBXFileReference; lastKnownFileType = text.plist.xml; path = Info.plist; sourceTree = "<group>"; };
		F1CF0AF22AF07B570062FF71 /* WJScheduleAppTests.xctest */ = {isa = PBXFileReference; explicitFileType = wrapper.cfbundle; includeInIndex = 0; path = WJScheduleAppTests.xctest; sourceTree = BUILT_PRODUCTS_DIR; };
		F1CF0AF62AF07B570062FF71 /* WJScheduleAppTests.swift */ = {isa = PBXFileReference; lastKnownFileType = sourcecode.swift; path = WJScheduleAppTests.swift; sourceTree = "<group>"; };
		F1CF0AFC2AF07B570062FF71 /* WJScheduleAppUITests.xctest */ = {isa = PBXFileReference; explicitFileType = wrapper.cfbundle; includeInIndex = 0; path = WJScheduleAppUITests.xctest; sourceTree = BUILT_PRODUCTS_DIR; };
		F1CF0B002AF07B570062FF71 /* WJScheduleAppUITests.swift */ = {isa = PBXFileReference; lastKnownFileType = sourcecode.swift; path = WJScheduleAppUITests.swift; sourceTree = "<group>"; };
		F1CF0B022AF07B570062FF71 /* WJScheduleAppUITestsLaunchTests.swift */ = {isa = PBXFileReference; lastKnownFileType = sourcecode.swift; path = WJScheduleAppUITestsLaunchTests.swift; sourceTree = "<group>"; };
/* End PBXFileReference section */

/* Begin PBXFrameworksBuildPhase section */
		F1CF0AD92AF07B560062FF71 /* Frameworks */ = {
			isa = PBXFrameworksBuildPhase;
			buildActionMask = 2147483647;
			files = (
			);
			runOnlyForDeploymentPostprocessing = 0;
		};
		F1CF0AEF2AF07B570062FF71 /* Frameworks */ = {
			isa = PBXFrameworksBuildPhase;
			buildActionMask = 2147483647;
			files = (
			);
			runOnlyForDeploymentPostprocessing = 0;
		};
		F1CF0AF92AF07B570062FF71 /* Frameworks */ = {
			isa = PBXFrameworksBuildPhase;
			buildActionMask = 2147483647;
			files = (
			);
			runOnlyForDeploymentPostprocessing = 0;
		};
/* End PBXFrameworksBuildPhase section */

/* Begin PBXGroup section */
		F1CF0AD32AF07B560062FF71 = {
			isa = PBXGroup;
			children = (
				F1CF0ADE2AF07B560062FF71 /* WJScheduleApp */,
				F1CF0AF52AF07B570062FF71 /* WJScheduleAppTests */,
				F1CF0AFF2AF07B570062FF71 /* WJScheduleAppUITests */,
				F1CF0ADD2AF07B560062FF71 /* Products */,
			);
			sourceTree = "<group>";
		};
		F1CF0ADD2AF07B560062FF71 /* Products */ = {
			isa = PBXGroup;
			children = (
				F1CF0ADC2AF07B560062FF71 /* WJScheduleApp.app */,
				F1CF0AF22AF07B570062FF71 /* WJScheduleAppTests.xctest */,
				F1CF0AFC2AF07B570062FF71 /* WJScheduleAppUITests.xctest */,
			);
			name = Products;
			sourceTree = "<group>";
		};
		F1CF0ADE2AF07B560062FF71 /* WJScheduleApp */ = {
			isa = PBXGroup;
			children = (
				F1CF0ADF2AF07B560062FF71 /* AppDelegate.swift */,
				F1CF0AE12AF07B560062FF71 /* SceneDelegate.swift */,
				F1CF0AE32AF07B560062FF71 /* ViewController.swift */,
				F100720D2B6EE00D00F0C4DC /* Rooms.swift */,
				F1183D262B4B79C100A4FF62 /* ScheduleViewController.swift */,
				F1183D282B4B863E00A4FF62 /* UpcomingEventsViewController.swift */,
				F1CF0AE52AF07B560062FF71 /* Main.storyboard */,
				F15E06BA2B83FC17008FDED8 /* SettingsTableTableViewController.swift */,
				F100720F2B6EED8B00F0C4DC /* CustomTableViewCell.swift */,
				F1183D2A2B4B89BE00A4FF62 /* AllSchedulesViewController.swift */,
				F1CF0AE82AF07B570062FF71 /* Assets.xcassets */,
				F1CF0AEA2AF07B570062FF71 /* LaunchScreen.storyboard */,
				F1CF0AED2AF07B570062FF71 /* Info.plist */,
			);
			path = WJScheduleApp;
			sourceTree = "<group>";
		};
		F1CF0AF52AF07B570062FF71 /* WJScheduleAppTests */ = {
			isa = PBXGroup;
			children = (
				F1CF0AF62AF07B570062FF71 /* WJScheduleAppTests.swift */,
			);
			path = WJScheduleAppTests;
			sourceTree = "<group>";
		};
		F1CF0AFF2AF07B570062FF71 /* WJScheduleAppUITests */ = {
			isa = PBXGroup;
			children = (
				F1CF0B002AF07B570062FF71 /* WJScheduleAppUITests.swift */,
				F1CF0B022AF07B570062FF71 /* WJScheduleAppUITestsLaunchTests.swift */,
			);
			path = WJScheduleAppUITests;
			sourceTree = "<group>";
		};
/* End PBXGroup section */

/* Begin PBXNativeTarget section */
		F1CF0ADB2AF07B560062FF71 /* WJScheduleApp */ = {
			isa = PBXNativeTarget;
			buildConfigurationList = F1CF0B062AF07B570062FF71 /* Build configuration list for PBXNativeTarget "WJScheduleApp" */;
			buildPhases = (
				F1CF0AD82AF07B560062FF71 /* Sources */,
				F1CF0AD92AF07B560062FF71 /* Frameworks */,
				F1CF0ADA2AF07B560062FF71 /* Resources */,
			);
			buildRules = (
			);
			dependencies = (
			);
			name = WJScheduleApp;
			productName = WJScheduleApp;
			productReference = F1CF0ADC2AF07B560062FF71 /* WJScheduleApp.app */;
			productType = "com.apple.product-type.application";
		};
		F1CF0AF12AF07B570062FF71 /* WJScheduleAppTests */ = {
			isa = PBXNativeTarget;
			buildConfigurationList = F1CF0B092AF07B570062FF71 /* Build configuration list for PBXNativeTarget "WJScheduleAppTests" */;
			buildPhases = (
				F1CF0AEE2AF07B570062FF71 /* Sources */,
				F1CF0AEF2AF07B570062FF71 /* Frameworks */,
				F1CF0AF02AF07B570062FF71 /* Resources */,
			);
			buildRules = (
			);
			dependencies = (
				F1CF0AF42AF07B570062FF71 /* PBXTargetDependency */,
			);
			name = WJScheduleAppTests;
			productName = WJScheduleAppTests;
			productReference = F1CF0AF22AF07B570062FF71 /* WJScheduleAppTests.xctest */;
			productType = "com.apple.product-type.bundle.unit-test";
		};
		F1CF0AFB2AF07B570062FF71 /* WJScheduleAppUITests */ = {
			isa = PBXNativeTarget;
			buildConfigurationList = F1CF0B0C2AF07B570062FF71 /* Build configuration list for PBXNativeTarget "WJScheduleAppUITests" */;
			buildPhases = (
				F1CF0AF82AF07B570062FF71 /* Sources */,
				F1CF0AF92AF07B570062FF71 /* Frameworks */,
				F1CF0AFA2AF07B570062FF71 /* Resources */,
			);
			buildRules = (
			);
			dependencies = (
				F1CF0AFE2AF07B570062FF71 /* PBXTargetDependency */,
			);
			name = WJScheduleAppUITests;
			productName = WJScheduleAppUITests;
			productReference = F1CF0AFC2AF07B570062FF71 /* WJScheduleAppUITests.xctest */;
			productType = "com.apple.product-type.bundle.ui-testing";
		};
/* End PBXNativeTarget section */

/* Begin PBXProject section */
		F1CF0AD42AF07B560062FF71 /* Project object */ = {
			isa = PBXProject;
			attributes = {
				BuildIndependentTargetsInParallel = 1;
				LastSwiftUpdateCheck = 1500;
				LastUpgradeCheck = 1500;
				TargetAttributes = {
					F1CF0ADB2AF07B560062FF71 = {
						CreatedOnToolsVersion = 15.0;
					};
					F1CF0AF12AF07B570062FF71 = {
						CreatedOnToolsVersion = 15.0;
						TestTargetID = F1CF0ADB2AF07B560062FF71;
					};
					F1CF0AFB2AF07B570062FF71 = {
						CreatedOnToolsVersion = 15.0;
						TestTargetID = F1CF0ADB2AF07B560062FF71;
					};
				};
			};
			buildConfigurationList = F1CF0AD72AF07B560062FF71 /* Build configuration list for PBXProject "WJScheduleApp" */;
			compatibilityVersion = "Xcode 14.0";
			developmentRegion = en;
			hasScannedForEncodings = 0;
			knownRegions = (
				en,
				Base,
			);
			mainGroup = F1CF0AD32AF07B560062FF71;
			productRefGroup = F1CF0ADD2AF07B560062FF71 /* Products */;
			projectDirPath = "";
			projectRoot = "";
			targets = (
				F1CF0ADB2AF07B560062FF71 /* WJScheduleApp */,
				F1CF0AF12AF07B570062FF71 /* WJScheduleAppTests */,
				F1CF0AFB2AF07B570062FF71 /* WJScheduleAppUITests */,
			);
		};
/* End PBXProject section */

/* Begin PBXResourcesBuildPhase section */
		F1CF0ADA2AF07B560062FF71 /* Resources */ = {
			isa = PBXResourcesBuildPhase;
			buildActionMask = 2147483647;
			files = (
				F1CF0AEC2AF07B570062FF71 /* LaunchScreen.storyboard in Resources */,
				F1CF0AE92AF07B570062FF71 /* Assets.xcassets in Resources */,
				F1CF0AE72AF07B560062FF71 /* Main.storyboard in Resources */,
			);
			runOnlyForDeploymentPostprocessing = 0;
		};
		F1CF0AF02AF07B570062FF71 /* Resources */ = {
			isa = PBXResourcesBuildPhase;
			buildActionMask = 2147483647;
			files = (
			);
			runOnlyForDeploymentPostprocessing = 0;
		};
		F1CF0AFA2AF07B570062FF71 /* Resources */ = {
			isa = PBXResourcesBuildPhase;
			buildActionMask = 2147483647;
			files = (
			);
			runOnlyForDeploymentPostprocessing = 0;
		};
/* End PBXResourcesBuildPhase section */

/* Begin PBXSourcesBuildPhase section */
		F1CF0AD82AF07B560062FF71 /* Sources */ = {
			isa = PBXSourcesBuildPhase;
			buildActionMask = 2147483647;
			files = (
				F1CF0AE42AF07B560062FF71 /* ViewController.swift in Sources */,
				F100720E2B6EE00D00F0C4DC /* Rooms.swift in Sources */,
				F10072102B6EED8B00F0C4DC /* CustomTableViewCell.swift in Sources */,
				F1CF0AE02AF07B560062FF71 /* AppDelegate.swift in Sources */,
				F1CF0AE22AF07B560062FF71 /* SceneDelegate.swift in Sources */,
				F1183D272B4B79C100A4FF62 /* ScheduleViewController.swift in Sources */,
				F15E06BB2B83FC17008FDED8 /* SettingsTableTableViewController.swift in Sources */,
				F1183D2B2B4B89BE00A4FF62 /* AllSchedulesViewController.swift in Sources */,
				F1183D292B4B863E00A4FF62 /* UpcomingEventsViewController.swift in Sources */,
			);
			runOnlyForDeploymentPostprocessing = 0;
		};
		F1CF0AEE2AF07B570062FF71 /* Sources */ = {
			isa = PBXSourcesBuildPhase;
			buildActionMask = 2147483647;
			files = (
				F1CF0AF72AF07B570062FF71 /* WJScheduleAppTests.swift in Sources */,
			);
			runOnlyForDeploymentPostprocessing = 0;
		};
		F1CF0AF82AF07B570062FF71 /* Sources */ = {
			isa = PBXSourcesBuildPhase;
			buildActionMask = 2147483647;
			files = (
				F1CF0B032AF07B570062FF71 /* WJScheduleAppUITestsLaunchTests.swift in Sources */,
				F1CF0B012AF07B570062FF71 /* WJScheduleAppUITests.swift in Sources */,
			);
			runOnlyForDeploymentPostprocessing = 0;
		};
/* End PBXSourcesBuildPhase section */

/* Begin PBXTargetDependency section */
		F1CF0AF42AF07B570062FF71 /* PBXTargetDependency */ = {
			isa = PBXTargetDependency;
			target = F1CF0ADB2AF07B560062FF71 /* WJScheduleApp */;
			targetProxy = F1CF0AF32AF07B570062FF71 /* PBXContainerItemProxy */;
		};
		F1CF0AFE2AF07B570062FF71 /* PBXTargetDependency */ = {
			isa = PBXTargetDependency;
			target = F1CF0ADB2AF07B560062FF71 /* WJScheduleApp */;
			targetProxy = F1CF0AFD2AF07B570062FF71 /* PBXContainerItemProxy */;
		};
/* End PBXTargetDependency section */

/* Begin PBXVariantGroup section */
		F1CF0AE52AF07B560062FF71 /* Main.storyboard */ = {
			isa = PBXVariantGroup;
			children = (
				F1CF0AE62AF07B560062FF71 /* Base */,
			);
			name = Main.storyboard;
			sourceTree = "<group>";
		};
		F1CF0AEA2AF07B570062FF71 /* LaunchScreen.storyboard */ = {
			isa = PBXVariantGroup;
			children = (
				F1CF0AEB2AF07B570062FF71 /* Base */,
			);
			name = LaunchScreen.storyboard;
			sourceTree = "<group>";
		};
/* End PBXVariantGroup section */

/* Begin XCBuildConfiguration section */
		F1CF0B042AF07B570062FF71 /* Debug */ = {
			isa = XCBuildConfiguration;
			buildSettings = {
				ALWAYS_SEARCH_USER_PATHS = NO;
				ASSETCATALOG_COMPILER_GENERATE_SWIFT_ASSET_SYMBOL_EXTENSIONS = YES;
				CLANG_ANALYZER_NONNULL = YES;
				CLANG_ANALYZER_NUMBER_OBJECT_CONVERSION = YES_AGGRESSIVE;
				CLANG_CXX_LANGUAGE_STANDARD = "gnu++20";
				CLANG_ENABLE_MODULES = YES;
				CLANG_ENABLE_OBJC_ARC = YES;
				CLANG_ENABLE_OBJC_WEAK = YES;
				CLANG_WARN_BLOCK_CAPTURE_AUTORELEASING = YES;
				CLANG_WARN_BOOL_CONVERSION = YES;
				CLANG_WARN_COMMA = YES;
				CLANG_WARN_CONSTANT_CONVERSION = YES;
				CLANG_WARN_DEPRECATED_OBJC_IMPLEMENTATIONS = YES;
				CLANG_WARN_DIRECT_OBJC_ISA_USAGE = YES_ERROR;
				CLANG_WARN_DOCUMENTATION_COMMENTS = YES;
				CLANG_WARN_EMPTY_BODY = YES;
				CLANG_WARN_ENUM_CONVERSION = YES;
				CLANG_WARN_INFINITE_RECURSION = YES;
				CLANG_WARN_INT_CONVERSION = YES;
				CLANG_WARN_NON_LITERAL_NULL_CONVERSION = YES;
				CLANG_WARN_OBJC_IMPLICIT_RETAIN_SELF = YES;
				CLANG_WARN_OBJC_LITERAL_CONVERSION = YES;
				CLANG_WARN_OBJC_ROOT_CLASS = YES_ERROR;
				CLANG_WARN_QUOTED_INCLUDE_IN_FRAMEWORK_HEADER = YES;
				CLANG_WARN_RANGE_LOOP_ANALYSIS = YES;
				CLANG_WARN_STRICT_PROTOTYPES = YES;
				CLANG_WARN_SUSPICIOUS_MOVE = YES;
				CLANG_WARN_UNGUARDED_AVAILABILITY = YES_AGGRESSIVE;
				CLANG_WARN_UNREACHABLE_CODE = YES;
				CLANG_WARN__DUPLICATE_METHOD_MATCH = YES;
				COPY_PHASE_STRIP = NO;
				DEBUG_INFORMATION_FORMAT = dwarf;
				ENABLE_STRICT_OBJC_MSGSEND = YES;
				ENABLE_TESTABILITY = YES;
				ENABLE_USER_SCRIPT_SANDBOXING = YES;
				GCC_C_LANGUAGE_STANDARD = gnu17;
				GCC_DYNAMIC_NO_PIC = NO;
				GCC_NO_COMMON_BLOCKS = YES;
				GCC_OPTIMIZATION_LEVEL = 0;
				GCC_PREPROCESSOR_DEFINITIONS = (
					"DEBUG=1",
					"$(inherited)",
				);
				GCC_WARN_64_TO_32_BIT_CONVERSION = YES;
				GCC_WARN_ABOUT_RETURN_TYPE = YES_ERROR;
				GCC_WARN_UNDECLARED_SELECTOR = YES;
				GCC_WARN_UNINITIALIZED_AUTOS = YES_AGGRESSIVE;
				GCC_WARN_UNUSED_FUNCTION = YES;
				GCC_WARN_UNUSED_VARIABLE = YES;
				IPHONEOS_DEPLOYMENT_TARGET = 17.0;
				LOCALIZATION_PREFERS_STRING_CATALOGS = YES;
				MTL_ENABLE_DEBUG_INFO = INCLUDE_SOURCE;
				MTL_FAST_MATH = YES;
				ONLY_ACTIVE_ARCH = YES;
				SDKROOT = iphoneos;
				SWIFT_ACTIVE_COMPILATION_CONDITIONS = "DEBUG $(inherited)";
				SWIFT_OPTIMIZATION_LEVEL = "-Onone";
			};
			name = Debug;
		};
		F1CF0B052AF07B570062FF71 /* Release */ = {
			isa = XCBuildConfiguration;
			buildSettings = {
				ALWAYS_SEARCH_USER_PATHS = NO;
				ASSETCATALOG_COMPILER_GENERATE_SWIFT_ASSET_SYMBOL_EXTENSIONS = YES;
				CLANG_ANALYZER_NONNULL = YES;
				CLANG_ANALYZER_NUMBER_OBJECT_CONVERSION = YES_AGGRESSIVE;
				CLANG_CXX_LANGUAGE_STANDARD = "gnu++20";
				CLANG_ENABLE_MODULES = YES;
				CLANG_ENABLE_OBJC_ARC = YES;
				CLANG_ENABLE_OBJC_WEAK = YES;
				CLANG_WARN_BLOCK_CAPTURE_AUTORELEASING = YES;
				CLANG_WARN_BOOL_CONVERSION = YES;
				CLANG_WARN_COMMA = YES;
				CLANG_WARN_CONSTANT_CONVERSION = YES;
				CLANG_WARN_DEPRECATED_OBJC_IMPLEMENTATIONS = YES;
				CLANG_WARN_DIRECT_OBJC_ISA_USAGE = YES_ERROR;
				CLANG_WARN_DOCUMENTATION_COMMENTS = YES;
				CLANG_WARN_EMPTY_BODY = YES;
				CLANG_WARN_ENUM_CONVERSION = YES;
				CLANG_WARN_INFINITE_RECURSION = YES;
				CLANG_WARN_INT_CONVERSION = YES;
				CLANG_WARN_NON_LITERAL_NULL_CONVERSION = YES;
				CLANG_WARN_OBJC_IMPLICIT_RETAIN_SELF = YES;
				CLANG_WARN_OBJC_LITERAL_CONVERSION = YES;
				CLANG_WARN_OBJC_ROOT_CLASS = YES_ERROR;
				CLANG_WARN_QUOTED_INCLUDE_IN_FRAMEWORK_HEADER = YES;
				CLANG_WARN_RANGE_LOOP_ANALYSIS = YES;
				CLANG_WARN_STRICT_PROTOTYPES = YES;
				CLANG_WARN_SUSPICIOUS_MOVE = YES;
				CLANG_WARN_UNGUARDED_AVAILABILITY = YES_AGGRESSIVE;
				CLANG_WARN_UNREACHABLE_CODE = YES;
				CLANG_WARN__DUPLICATE_METHOD_MATCH = YES;
				COPY_PHASE_STRIP = NO;
				DEBUG_INFORMATION_FORMAT = "dwarf-with-dsym";
				ENABLE_NS_ASSERTIONS = NO;
				ENABLE_STRICT_OBJC_MSGSEND = YES;
				ENABLE_USER_SCRIPT_SANDBOXING = YES;
				GCC_C_LANGUAGE_STANDARD = gnu17;
				GCC_NO_COMMON_BLOCKS = YES;
				GCC_WARN_64_TO_32_BIT_CONVERSION = YES;
				GCC_WARN_ABOUT_RETURN_TYPE = YES_ERROR;
				GCC_WARN_UNDECLARED_SELECTOR = YES;
				GCC_WARN_UNINITIALIZED_AUTOS = YES_AGGRESSIVE;
				GCC_WARN_UNUSED_FUNCTION = YES;
				GCC_WARN_UNUSED_VARIABLE = YES;
				IPHONEOS_DEPLOYMENT_TARGET = 17.0;
				LOCALIZATION_PREFERS_STRING_CATALOGS = YES;
				MTL_ENABLE_DEBUG_INFO = NO;
				MTL_FAST_MATH = YES;
				SDKROOT = iphoneos;
				SWIFT_COMPILATION_MODE = wholemodule;
				VALIDATE_PRODUCT = YES;
			};
			name = Release;
		};
		F1CF0B072AF07B570062FF71 /* Debug */ = {
			isa = XCBuildConfiguration;
			buildSettings = {
				ASSETCATALOG_COMPILER_APPICON_NAME = AppIcon;
				ASSETCATALOG_COMPILER_GLOBAL_ACCENT_COLOR_NAME = AccentColor;
				CODE_SIGN_STYLE = Automatic;
				CURRENT_PROJECT_VERSION = 1;
				GENERATE_INFOPLIST_FILE = YES;
				INFOPLIST_FILE = WJScheduleApp/Info.plist;
				INFOPLIST_KEY_UIApplicationSupportsIndirectInputEvents = YES;
				INFOPLIST_KEY_UILaunchStoryboardName = LaunchScreen;
				INFOPLIST_KEY_UIMainStoryboardFile = Main;
				INFOPLIST_KEY_UISupportedInterfaceOrientations_iPad = "UIInterfaceOrientationPortrait UIInterfaceOrientationPortraitUpsideDown UIInterfaceOrientationLandscapeLeft UIInterfaceOrientationLandscapeRight";
				INFOPLIST_KEY_UISupportedInterfaceOrientations_iPhone = "UIInterfaceOrientationPortrait UIInterfaceOrientationLandscapeLeft UIInterfaceOrientationLandscapeRight";
				LD_RUNPATH_SEARCH_PATHS = (
					"$(inherited)",
					"@executable_path/Frameworks",
				);
				MARKETING_VERSION = 1.0;
				PRODUCT_BUNDLE_IDENTIFIER = APSwift.WJScheduleApp;
				PRODUCT_NAME = "$(TARGET_NAME)";
				SWIFT_EMIT_LOC_STRINGS = YES;
				SWIFT_VERSION = 5.0;
				TARGETED_DEVICE_FAMILY = "1,2";
			};
			name = Debug;
		};
		F1CF0B082AF07B570062FF71 /* Release */ = {
			isa = XCBuildConfiguration;
			buildSettings = {
				ASSETCATALOG_COMPILER_APPICON_NAME = AppIcon;
				ASSETCATALOG_COMPILER_GLOBAL_ACCENT_COLOR_NAME = AccentColor;
				CODE_SIGN_STYLE = Automatic;
				CURRENT_PROJECT_VERSION = 1;
				GENERATE_INFOPLIST_FILE = YES;
				INFOPLIST_FILE = WJScheduleApp/Info.plist;
				INFOPLIST_KEY_UIApplicationSupportsIndirectInputEvents = YES;
				INFOPLIST_KEY_UILaunchStoryboardName = LaunchScreen;
				INFOPLIST_KEY_UIMainStoryboardFile = Main;
				INFOPLIST_KEY_UISupportedInterfaceOrientations_iPad = "UIInterfaceOrientationPortrait UIInterfaceOrientationPortraitUpsideDown UIInterfaceOrientationLandscapeLeft UIInterfaceOrientationLandscapeRight";
				INFOPLIST_KEY_UISupportedInterfaceOrientations_iPhone = "UIInterfaceOrientationPortrait UIInterfaceOrientationLandscapeLeft UIInterfaceOrientationLandscapeRight";
				LD_RUNPATH_SEARCH_PATHS = (
					"$(inherited)",
					"@executable_path/Frameworks",
				);
				MARKETING_VERSION = 1.0;
				PRODUCT_BUNDLE_IDENTIFIER = APSwift.WJScheduleApp;
				PRODUCT_NAME = "$(TARGET_NAME)";
				SWIFT_EMIT_LOC_STRINGS = YES;
				SWIFT_VERSION = 5.0;
				TARGETED_DEVICE_FAMILY = "1,2";
			};
			name = Release;
		};
		F1CF0B0A2AF07B570062FF71 /* Debug */ = {
			isa = XCBuildConfiguration;
			buildSettings = {
				ALWAYS_EMBED_SWIFT_STANDARD_LIBRARIES = YES;
				BUNDLE_LOADER = "$(TEST_HOST)";
				CODE_SIGN_STYLE = Automatic;
				CURRENT_PROJECT_VERSION = 1;
				GENERATE_INFOPLIST_FILE = YES;
				IPHONEOS_DEPLOYMENT_TARGET = 17.0;
				MARKETING_VERSION = 1.0;
				PRODUCT_BUNDLE_IDENTIFIER = APSwift.WJScheduleAppTests;
				PRODUCT_NAME = "$(TARGET_NAME)";
				SWIFT_EMIT_LOC_STRINGS = NO;
				SWIFT_VERSION = 5.0;
				TARGETED_DEVICE_FAMILY = "1,2";
				TEST_HOST = "$(BUILT_PRODUCTS_DIR)/WJScheduleApp.app/$(BUNDLE_EXECUTABLE_FOLDER_PATH)/WJScheduleApp";
			};
			name = Debug;
		};
		F1CF0B0B2AF07B570062FF71 /* Release */ = {
			isa = XCBuildConfiguration;
			buildSettings = {
				ALWAYS_EMBED_SWIFT_STANDARD_LIBRARIES = YES;
				BUNDLE_LOADER = "$(TEST_HOST)";
				CODE_SIGN_STYLE = Automatic;
				CURRENT_PROJECT_VERSION = 1;
				GENERATE_INFOPLIST_FILE = YES;
				IPHONEOS_DEPLOYMENT_TARGET = 17.0;
				MARKETING_VERSION = 1.0;
				PRODUCT_BUNDLE_IDENTIFIER = APSwift.WJScheduleAppTests;
				PRODUCT_NAME = "$(TARGET_NAME)";
				SWIFT_EMIT_LOC_STRINGS = NO;
				SWIFT_VERSION = 5.0;
				TARGETED_DEVICE_FAMILY = "1,2";
				TEST_HOST = "$(BUILT_PRODUCTS_DIR)/WJScheduleApp.app/$(BUNDLE_EXECUTABLE_FOLDER_PATH)/WJScheduleApp";
			};
			name = Release;
		};
		F1CF0B0D2AF07B570062FF71 /* Debug */ = {
			isa = XCBuildConfiguration;
			buildSettings = {
				ALWAYS_EMBED_SWIFT_STANDARD_LIBRARIES = YES;
				CODE_SIGN_STYLE = Automatic;
				CURRENT_PROJECT_VERSION = 1;
				GENERATE_INFOPLIST_FILE = YES;
				MARKETING_VERSION = 1.0;
				PRODUCT_BUNDLE_IDENTIFIER = APSwift.WJScheduleAppUITests;
				PRODUCT_NAME = "$(TARGET_NAME)";
				SWIFT_EMIT_LOC_STRINGS = NO;
				SWIFT_VERSION = 5.0;
				TARGETED_DEVICE_FAMILY = "1,2";
				TEST_TARGET_NAME = WJScheduleApp;
			};
			name = Debug;
		};
		F1CF0B0E2AF07B570062FF71 /* Release */ = {
			isa = XCBuildConfiguration;
			buildSettings = {
				ALWAYS_EMBED_SWIFT_STANDARD_LIBRARIES = YES;
				CODE_SIGN_STYLE = Automatic;
				CURRENT_PROJECT_VERSION = 1;
				GENERATE_INFOPLIST_FILE = YES;
				MARKETING_VERSION = 1.0;
				PRODUCT_BUNDLE_IDENTIFIER = APSwift.WJScheduleAppUITests;
				PRODUCT_NAME = "$(TARGET_NAME)";
				SWIFT_EMIT_LOC_STRINGS = NO;
				SWIFT_VERSION = 5.0;
				TARGETED_DEVICE_FAMILY = "1,2";
				TEST_TARGET_NAME = WJScheduleApp;
			};
			name = Release;
		};
/* End XCBuildConfiguration section */

/* Begin XCConfigurationList section */
		F1CF0AD72AF07B560062FF71 /* Build configuration list for PBXProject "WJScheduleApp" */ = {
			isa = XCConfigurationList;
			buildConfigurations = (
				F1CF0B042AF07B570062FF71 /* Debug */,
				F1CF0B052AF07B570062FF71 /* Release */,
			);
			defaultConfigurationIsVisible = 0;
			defaultConfigurationName = Release;
		};
		F1CF0B062AF07B570062FF71 /* Build configuration list for PBXNativeTarget "WJScheduleApp" */ = {
			isa = XCConfigurationList;
			buildConfigurations = (
				F1CF0B072AF07B570062FF71 /* Debug */,
				F1CF0B082AF07B570062FF71 /* Release */,
			);
			defaultConfigurationIsVisible = 0;
			defaultConfigurationName = Release;
		};
		F1CF0B092AF07B570062FF71 /* Build configuration list for PBXNativeTarget "WJScheduleAppTests" */ = {
			isa = XCConfigurationList;
			buildConfigurations = (
				F1CF0B0A2AF07B570062FF71 /* Debug */,
				F1CF0B0B2AF07B570062FF71 /* Release */,
			);
			defaultConfigurationIsVisible = 0;
			defaultConfigurationName = Release;
		};
		F1CF0B0C2AF07B570062FF71 /* Build configuration list for PBXNativeTarget "WJScheduleAppUITests" */ = {
			isa = XCConfigurationList;
			buildConfigurations = (
				F1CF0B0D2AF07B570062FF71 /* Debug */,
				F1CF0B0E2AF07B570062FF71 /* Release */,
			);
			defaultConfigurationIsVisible = 0;
			defaultConfigurationName = Release;
		};
/* End XCConfigurationList section */
	};
	rootObject = F1CF0AD42AF07B560062FF71 /* Project object */;
}
